
Microsoft Visual Studio Solution File, Format Version 12.00
# Visual Studio 15
VisualStudioVersion = 15.0.27004.2005
MinimumVisualStudioVersion = 10.0.40219.1
Project("{FAE04EC0-301F-11D3-BF4B-00C04F79EFBC}") = "InterviewCakeProblems", "InterviewCakeProblems\InterviewCakeProblems.csproj", "{7A2E568D-FAAF-4FB2-869F-E8CED25D41DA}"
EndProject
Project("{FAE04EC0-301F-11D3-BF4B-00C04F79EFBC}") = "InterviewCakeUnitTests", "InterviewCakeUnitTests\InterviewCakeUnitTests.csproj", "{B1079D60-5258-4324-A01C-827023C030DD}"
EndProject
Global
	GlobalSection(SolutionConfigurationPlatforms) = preSolution
		Debug|Any CPU = Debug|Any CPU
		Release|Any CPU = Release|Any CPU
	EndGlobalSection
	GlobalSection(ProjectConfigurationPlatforms) = postSolution
		{7A2E568D-FAAF-4FB2-869F-E8CED25D41DA}.Debug|Any CPU.ActiveCfg = Debug|Any CPU
		{7A2E568D-FAAF-4FB2-869F-E8CED25D41DA}.Debug|Any CPU.Build.0 = Debug|Any CPU
		{7A2E568D-FAAF-4FB2-869F-E8CED25D41DA}.Release|Any CPU.ActiveCfg = Release|Any CPU
		{7A2E568D-FAAF-4FB2-869F-E8CED25D41DA}.Release|Any CPU.Build.0 = Release|Any CPU
		{B1079D60-5258-4324-A01C-827023C030DD}.Debug|Any CPU.ActiveCfg = Debug|Any CPU
		{B1079D60-5258-4324-A01C-827023C030DD}.Debug|Any CPU.Build.0 = Debug|Any CPU
		{B1079D60-5258-4324-A01C-827023C030DD}.Release|Any CPU.ActiveCfg = Release|Any CPU
		{B1079D60-5258-4324-A01C-827023C030DD}.Release|Any CPU.Build.0 = Release|Any CPU
	EndGlobalSection
	GlobalSection(SolutionProperties) = preSolution
		HideSolutionNode = FALSE
	EndGlobalSection
	GlobalSection(ExtensibilityGlobals) = postSolution
		SolutionGuid = {82EA2DE5-EDF4-4E02-B2A3-AE45A19A7496}
	EndGlobalSection
EndGlobal
